
Microsoft Visual Studio Solution File, Format Version 12.00
Project("{FAE04EC0-301F-11D3-BF4B-00C04F79EFBC}") = "Sscs.Api", "Src\Presentation\Sscs.Api\Sscs.Api.csproj", "{B4BB60F4-E5D6-4674-A1DA-AF3AD2CCF25E}"
EndProject
Project("{2150E333-8FDC-42A3-9474-1A3956D46DE8}") = "Src", "Src", "{992EDED3-F6E3-466F-B4D4-D1BC3DDFDB40}"
EndProject
Project("{2150E333-8FDC-42A3-9474-1A3956D46DE8}") = "Presentation", "Presentation", "{666B7D5F-85DA-4911-A661-F6F502EF7D0B}"
EndProject
Project("{2150E333-8FDC-42A3-9474-1A3956D46DE8}") = "Application", "Application", "{E085FB1C-45BB-4181-9C60-5994CCAEACBE}"
EndProject
Project("{2150E333-8FDC-42A3-9474-1A3956D46DE8}") = "Infrastructure", "Infrastructure", "{A2FF6467-0A98-4063-B878-DABEA3ABF654}"
EndProject
Project("{FAE04EC0-301F-11D3-BF4B-00C04F79EFBC}") = "Sscs.Web", "Src\Presentation\Sscs.Web\Sscs.Web.csproj", "{497AE024-5471-4531-B06B-588EF6F182C7}"
EndProject
Project("{FAE04EC0-301F-11D3-BF4B-00C04F79EFBC}") = "Sscs.Application", "Src\Application\Sscs.Application\Sscs.Application.csproj", "{ECD1B010-931D-4675-8997-A124E3FDBA97}"
EndProject
Project("{FAE04EC0-301F-11D3-BF4B-00C04F79EFBC}") = "Sscs.Domain", "Src\Application\Sscs.Domain\Sscs.Domain.csproj", "{21CF7EEF-08DC-40FC-8246-AF8EAADF01E8}"
EndProject
Project("{FAE04EC0-301F-11D3-BF4B-00C04F79EFBC}") = "Sscs.Persistence", "Src\Infrastructure\Sscs.Persistence\Sscs.Persistence.csproj", "{002D6475-B454-431F-979E-4BE361E0E19E}"
EndProject
Project("{FAE04EC0-301F-11D3-BF4B-00C04F79EFBC}") = "Sscs.Repository", "Src\Infrastructure\Sscs.Repository\Sscs.Repository.csproj", "{0754026F-8DA3-4BFA-8073-74D9AAB09A9B}"
EndProject
Global
	GlobalSection(SolutionConfigurationPlatforms) = preSolution
		Debug|Any CPU = Debug|Any CPU
		Release|Any CPU = Release|Any CPU
	EndGlobalSection
	GlobalSection(ProjectConfigurationPlatforms) = postSolution
		{B4BB60F4-E5D6-4674-A1DA-AF3AD2CCF25E}.Debug|Any CPU.ActiveCfg = Debug|Any CPU
		{B4BB60F4-E5D6-4674-A1DA-AF3AD2CCF25E}.Debug|Any CPU.Build.0 = Debug|Any CPU
		{B4BB60F4-E5D6-4674-A1DA-AF3AD2CCF25E}.Release|Any CPU.ActiveCfg = Release|Any CPU
		{B4BB60F4-E5D6-4674-A1DA-AF3AD2CCF25E}.Release|Any CPU.Build.0 = Release|Any CPU
		{497AE024-5471-4531-B06B-588EF6F182C7}.Debug|Any CPU.ActiveCfg = Debug|Any CPU
		{497AE024-5471-4531-B06B-588EF6F182C7}.Debug|Any CPU.Build.0 = Debug|Any CPU
		{497AE024-5471-4531-B06B-588EF6F182C7}.Release|Any CPU.ActiveCfg = Release|Any CPU
		{497AE024-5471-4531-B06B-588EF6F182C7}.Release|Any CPU.Build.0 = Release|Any CPU
		{ECD1B010-931D-4675-8997-A124E3FDBA97}.Debug|Any CPU.ActiveCfg = Debug|Any CPU
		{ECD1B010-931D-4675-8997-A124E3FDBA97}.Debug|Any CPU.Build.0 = Debug|Any CPU
		{ECD1B010-931D-4675-8997-A124E3FDBA97}.Release|Any CPU.ActiveCfg = Release|Any CPU
		{ECD1B010-931D-4675-8997-A124E3FDBA97}.Release|Any CPU.Build.0 = Release|Any CPU
		{21CF7EEF-08DC-40FC-8246-AF8EAADF01E8}.Debug|Any CPU.ActiveCfg = Debug|Any CPU
		{21CF7EEF-08DC-40FC-8246-AF8EAADF01E8}.Debug|Any CPU.Build.0 = Debug|Any CPU
		{21CF7EEF-08DC-40FC-8246-AF8EAADF01E8}.Release|Any CPU.ActiveCfg = Release|Any CPU
		{21CF7EEF-08DC-40FC-8246-AF8EAADF01E8}.Release|Any CPU.Build.0 = Release|Any CPU
		{002D6475-B454-431F-979E-4BE361E0E19E}.Debug|Any CPU.ActiveCfg = Debug|Any CPU
		{002D6475-B454-431F-979E-4BE361E0E19E}.Debug|Any CPU.Build.0 = Debug|Any CPU
		{002D6475-B454-431F-979E-4BE361E0E19E}.Release|Any CPU.ActiveCfg = Release|Any CPU
		{002D6475-B454-431F-979E-4BE361E0E19E}.Release|Any CPU.Build.0 = Release|Any CPU
		{0754026F-8DA3-4BFA-8073-74D9AAB09A9B}.Debug|Any CPU.ActiveCfg = Debug|Any CPU
		{0754026F-8DA3-4BFA-8073-74D9AAB09A9B}.Debug|Any CPU.Build.0 = Debug|Any CPU
		{0754026F-8DA3-4BFA-8073-74D9AAB09A9B}.Release|Any CPU.ActiveCfg = Release|Any CPU
		{0754026F-8DA3-4BFA-8073-74D9AAB09A9B}.Release|Any CPU.Build.0 = Release|Any CPU
	EndGlobalSection
	GlobalSection(NestedProjects) = preSolution
		{666B7D5F-85DA-4911-A661-F6F502EF7D0B} = {992EDED3-F6E3-466F-B4D4-D1BC3DDFDB40}
		{B4BB60F4-E5D6-4674-A1DA-AF3AD2CCF25E} = {666B7D5F-85DA-4911-A661-F6F502EF7D0B}
		{E085FB1C-45BB-4181-9C60-5994CCAEACBE} = {992EDED3-F6E3-466F-B4D4-D1BC3DDFDB40}
		{A2FF6467-0A98-4063-B878-DABEA3ABF654} = {992EDED3-F6E3-466F-B4D4-D1BC3DDFDB40}
		{497AE024-5471-4531-B06B-588EF6F182C7} = {666B7D5F-85DA-4911-A661-F6F502EF7D0B}
		{ECD1B010-931D-4675-8997-A124E3FDBA97} = {E085FB1C-45BB-4181-9C60-5994CCAEACBE}
		{21CF7EEF-08DC-40FC-8246-AF8EAADF01E8} = {E085FB1C-45BB-4181-9C60-5994CCAEACBE}
		{002D6475-B454-431F-979E-4BE361E0E19E} = {A2FF6467-0A98-4063-B878-DABEA3ABF654}
		{0754026F-8DA3-4BFA-8073-74D9AAB09A9B} = {A2FF6467-0A98-4063-B878-DABEA3ABF654}
	EndGlobalSection
EndGlobal
